// !$*UTF8*$!
{
	archiveVersion = 1;
	classes = {
	};
	objectVersion = 55;
	objects = {

/* Begin PBXBuildFile section */
		90ADF96ECD3286CCD4C1D7D9 /* Pods_GoogleAdSample__iOS_.framework in Frameworks */ = {isa = PBXBuildFile; fileRef = 532FE02182A87081B448B71C /* Pods_GoogleAdSample__iOS_.framework */; };
		CE53BD202797D8F5001CCE7F /* Assets.xcassets in Resources */ = {isa = PBXBuildFile; fileRef = CE53BD0E2797D8F5001CCE7F /* Assets.xcassets */; };
		CE53BD2C2797D986001CCE7F /* AppDelegate.swift in Sources */ = {isa = PBXBuildFile; fileRef = CE53BD2B2797D986001CCE7F /* AppDelegate.swift */; };
		CE53BD2E2797D9EE001CCE7F /* Launch Screen.storyboard in Resources */ = {isa = PBXBuildFile; fileRef = CE53BD2D2797D9EE001CCE7F /* Launch Screen.storyboard */; };
		CE53BD302797DA11001CCE7F /* Main.storyboard in Resources */ = {isa = PBXBuildFile; fileRef = CE53BD2F2797DA11001CCE7F /* Main.storyboard */; };
		CE53BD322797DA96001CCE7F /* HomeVC.swift in Sources */ = {isa = PBXBuildFile; fileRef = CE53BD312797DA96001CCE7F /* HomeVC.swift */; };
		CE9D716727981A59002BD4BF /* BaseFeedViewController.swift in Sources */ = {isa = PBXBuildFile; fileRef = CE9D716627981A59002BD4BF /* BaseFeedViewController.swift */; };
		CE9D716A27981A9C002BD4BF /* UIColor+DN.swift in Sources */ = {isa = PBXBuildFile; fileRef = CE9D716927981A9C002BD4BF /* UIColor+DN.swift */; };
		CE9D71C227981B39002BD4BF /* URLSearchDataReader.swift in Sources */ = {isa = PBXBuildFile; fileRef = CE9D716C27981B39002BD4BF /* URLSearchDataReader.swift */; };
		CE9D71C327981B39002BD4BF /* ALPushTransitionAnimatorZoomIn.swift in Sources */ = {isa = PBXBuildFile; fileRef = CE9D716E27981B39002BD4BF /* ALPushTransitionAnimatorZoomIn.swift */; };
		CE9D71C427981B39002BD4BF /* ALPopTransitionAnimatorZoomOut.swift in Sources */ = {isa = PBXBuildFile; fileRef = CE9D716F27981B39002BD4BF /* ALPopTransitionAnimatorZoomOut.swift */; };
		CE9D71C527981B39002BD4BF /* URLDataReader.swift in Sources */ = {isa = PBXBuildFile; fileRef = CE9D717027981B39002BD4BF /* URLDataReader.swift */; };
		CE9D71C627981B39002BD4BF /* URLSessionDataTask.swift in Sources */ = {isa = PBXBuildFile; fileRef = CE9D717127981B39002BD4BF /* URLSessionDataTask.swift */; };
		CE9D71C727981B39002BD4BF /* URLPostJSON.swift in Sources */ = {isa = PBXBuildFile; fileRef = CE9D717227981B39002BD4BF /* URLPostJSON.swift */; };
		CE9D71C827981B39002BD4BF /* CollectionViewCustomLayout.swift in Sources */ = {isa = PBXBuildFile; fileRef = CE9D717527981B39002BD4BF /* CollectionViewCustomLayout.swift */; };
		CE9D71C927981B39002BD4BF /* CollectionViewSectionLayoutInitials.swift in Sources */ = {isa = PBXBuildFile; fileRef = CE9D717727981B39002BD4BF /* CollectionViewSectionLayoutInitials.swift */; };
		CE9D71CA27981B39002BD4BF /* CollectionViewSupplementaryViewInitials.swift in Sources */ = {isa = PBXBuildFile; fileRef = CE9D717827981B39002BD4BF /* CollectionViewSupplementaryViewInitials.swift */; };
		CE9D71CB27981B39002BD4BF /* CollectionViewCellLayoutInitials.swift in Sources */ = {isa = PBXBuildFile; fileRef = CE9D717927981B39002BD4BF /* CollectionViewCellLayoutInitials.swift */; };
		CE9D71CC27981B39002BD4BF /* CollectionViewDecoratorViewInitials.swift in Sources */ = {isa = PBXBuildFile; fileRef = CE9D717A27981B39002BD4BF /* CollectionViewDecoratorViewInitials.swift */; };
		CE9D71CD27981B39002BD4BF /* CollectionViewCellLayoutInitialsType.swift in Sources */ = {isa = PBXBuildFile; fileRef = CE9D717C27981B39002BD4BF /* CollectionViewCellLayoutInitialsType.swift */; };
		CE9D71CE27981B39002BD4BF /* Builder.swift in Sources */ = {isa = PBXBuildFile; fileRef = CE9D717D27981B39002BD4BF /* Builder.swift */; };
		CE9D71CF27981B39002BD4BF /* CollectionViewSectionLayoutInitialsType.swift in Sources */ = {isa = PBXBuildFile; fileRef = CE9D717E27981B39002BD4BF /* CollectionViewSectionLayoutInitialsType.swift */; };
		CE9D71D027981B39002BD4BF /* CollectionViewDecoratorViewInitialsType.swift in Sources */ = {isa = PBXBuildFile; fileRef = CE9D717F27981B39002BD4BF /* CollectionViewDecoratorViewInitialsType.swift */; };
		CE9D71D127981B39002BD4BF /* LayoutInitialsDefinerType.swift in Sources */ = {isa = PBXBuildFile; fileRef = CE9D718027981B39002BD4BF /* LayoutInitialsDefinerType.swift */; };
		CE9D71D227981B39002BD4BF /* CollectionViewSupplementaryViewInitialsType.swift in Sources */ = {isa = PBXBuildFile; fileRef = CE9D718127981B39002BD4BF /* CollectionViewSupplementaryViewInitialsType.swift */; };
		CE9D71D327981B39002BD4BF /* CollectionViewDecoratorStyle.swift in Sources */ = {isa = PBXBuildFile; fileRef = CE9D718227981B39002BD4BF /* CollectionViewDecoratorStyle.swift */; };
		CE9D71D427981B39002BD4BF /* CollectionViewDecorationViewHandler.swift in Sources */ = {isa = PBXBuildFile; fileRef = CE9D718427981B39002BD4BF /* CollectionViewDecorationViewHandler.swift */; };
		CE9D71D527981B39002BD4BF /* CollectionViewSectionSeparatorLayoutAttributes.swift in Sources */ = {isa = PBXBuildFile; fileRef = CE9D718627981B39002BD4BF /* CollectionViewSectionSeparatorLayoutAttributes.swift */; };
		CE9D71D627981B39002BD4BF /* CollectionViewSeparatorLayoutAttributes.swift in Sources */ = {isa = PBXBuildFile; fileRef = CE9D718727981B39002BD4BF /* CollectionViewSeparatorLayoutAttributes.swift */; };
		CE9D71D727981B39002BD4BF /* UIView+RoundCorners.swift in Sources */ = {isa = PBXBuildFile; fileRef = CE9D718827981B39002BD4BF /* UIView+RoundCorners.swift */; };
		CE9D71D827981B39002BD4BF /* UIView+LoadFromXIB.swift in Sources */ = {isa = PBXBuildFile; fileRef = CE9D718927981B39002BD4BF /* UIView+LoadFromXIB.swift */; };
		CE9D71D927981B39002BD4BF /* URLPutJSON.swift in Sources */ = {isa = PBXBuildFile; fileRef = CE9D718A27981B39002BD4BF /* URLPutJSON.swift */; };
		CE9D71DA27981B39002BD4BF /* GCDutils.swift in Sources */ = {isa = PBXBuildFile; fileRef = CE9D718B27981B39002BD4BF /* GCDutils.swift */; };
		CE9D721027981C46002BD4BF /* Log+Extension.swift in Sources */ = {isa = PBXBuildFile; fileRef = CE9D720F27981C46002BD4BF /* Log+Extension.swift */; };
		CEE52F6D27990577009F2086 /* CollectionViewFeedContentProvider.swift in Sources */ = {isa = PBXBuildFile; fileRef = CEE52F6927990577009F2086 /* CollectionViewFeedContentProvider.swift */; };
		CEE52F6E27990577009F2086 /* CollectionViewFlowLayoutInfoProvider.swift in Sources */ = {isa = PBXBuildFile; fileRef = CEE52F6B27990577009F2086 /* CollectionViewFlowLayoutInfoProvider.swift */; };
		CEE52F6F27990577009F2086 /* CollectionViewFeedContentProviding.swift in Sources */ = {isa = PBXBuildFile; fileRef = CEE52F6C27990577009F2086 /* CollectionViewFeedContentProviding.swift */; };
		CEE52F7127990992009F2086 /* Data+Extension.swift in Sources */ = {isa = PBXBuildFile; fileRef = CEE52F7027990992009F2086 /* Data+Extension.swift */; };
		CEE52F73279909E7009F2086 /* ErrorStateMapper.swift in Sources */ = {isa = PBXBuildFile; fileRef = CEE52F72279909E7009F2086 /* ErrorStateMapper.swift */; };
		CEE52F7527990A14009F2086 /* JSONExtension.swift in Sources */ = {isa = PBXBuildFile; fileRef = CEE52F7427990A14009F2086 /* JSONExtension.swift */; };
		CEE52F7A27990A61009F2086 /* CollectionViewFeedPart.swift in Sources */ = {isa = PBXBuildFile; fileRef = CEE52F7727990A61009F2086 /* CollectionViewFeedPart.swift */; };
		CEE52F7B27990A61009F2086 /* CollectionViewPart.swift in Sources */ = {isa = PBXBuildFile; fileRef = CEE52F7827990A61009F2086 /* CollectionViewPart.swift */; };
		CEE52F7C27990A61009F2086 /* VaryingSizePart.swift in Sources */ = {isa = PBXBuildFile; fileRef = CEE52F7927990A61009F2086 /* VaryingSizePart.swift */; };
		CEE52F7F27990ECA009F2086 /* Component.swift in Sources */ = {isa = PBXBuildFile; fileRef = CEE52F7E27990ECA009F2086 /* Component.swift */; };
		CEE52F8127990EF7009F2086 /* UnknownComponent.swift in Sources */ = {isa = PBXBuildFile; fileRef = CEE52F8027990EF7009F2086 /* UnknownComponent.swift */; };
		CEE52F8527991107009F2086 /* SectionPart.swift in Sources */ = {isa = PBXBuildFile; fileRef = CEE52F8327991107009F2086 /* SectionPart.swift */; };
		CEE52F8627991107009F2086 /* CollectionViewSectionInfoProviding.swift in Sources */ = {isa = PBXBuildFile; fileRef = CEE52F8427991107009F2086 /* CollectionViewSectionInfoProviding.swift */; };
		CEE52F9127992187009F2086 /* PartRendering.swift in Sources */ = {isa = PBXBuildFile; fileRef = CEE52F8827992187009F2086 /* PartRendering.swift */; };
		CEE52F9227992187009F2086 /* GeneralPartRenderer.swift in Sources */ = {isa = PBXBuildFile; fileRef = CEE52F8927992187009F2086 /* GeneralPartRenderer.swift */; };
		CEE52F9327992187009F2086 /* PartRendererBase.swift in Sources */ = {isa = PBXBuildFile; fileRef = CEE52F8A27992187009F2086 /* PartRendererBase.swift */; };
		CEE52F9427992187009F2086 /* CollectionViewPartRendererFactory.swift in Sources */ = {isa = PBXBuildFile; fileRef = CEE52F8C27992187009F2086 /* CollectionViewPartRendererFactory.swift */; };
		CEE52F9527992187009F2086 /* GeneralCollectionViewPartRenderer.swift in Sources */ = {isa = PBXBuildFile; fileRef = CEE52F8D27992187009F2086 /* GeneralCollectionViewPartRenderer.swift */; };
		CEE52F9627992187009F2086 /* CollectionViewPartRenderingBase.swift in Sources */ = {isa = PBXBuildFile; fileRef = CEE52F8F27992187009F2086 /* CollectionViewPartRenderingBase.swift */; };
		CEE52F9727992187009F2086 /* CollectionViewPartRendering.swift in Sources */ = {isa = PBXBuildFile; fileRef = CEE52F9027992187009F2086 /* CollectionViewPartRendering.swift */; };
		CEE52F99279921BA009F2086 /* FeedPart.swift in Sources */ = {isa = PBXBuildFile; fileRef = CEE52F98279921BA009F2086 /* FeedPart.swift */; };
		CEE52F9B279921E6009F2086 /* TableViewCellWidthSizing.swift in Sources */ = {isa = PBXBuildFile; fileRef = CEE52F9A279921E6009F2086 /* TableViewCellWidthSizing.swift */; };
		CEE52F9D27992211009F2086 /* IntExtensions.swift in Sources */ = {isa = PBXBuildFile; fileRef = CEE52F9C27992211009F2086 /* IntExtensions.swift */; };
		CEE52F9F2799223D009F2086 /* TableViewCellReusing.swift in Sources */ = {isa = PBXBuildFile; fileRef = CEE52F9E2799223D009F2086 /* TableViewCellReusing.swift */; };
		CEE52FA127992259009F2086 /* PartDisplaying.swift in Sources */ = {isa = PBXBuildFile; fileRef = CEE52FA027992259009F2086 /* PartDisplaying.swift */; };
		CEE52FA427992287009F2086 /* CollectionViewCellReusing.swift in Sources */ = {isa = PBXBuildFile; fileRef = CEE52FA227992287009F2086 /* CollectionViewCellReusing.swift */; };
		CEE52FA527992287009F2086 /* CollectionViewPartDisplaying.swift in Sources */ = {isa = PBXBuildFile; fileRef = CEE52FA327992287009F2086 /* CollectionViewPartDisplaying.swift */; };
		CEE52FA7279922A2009F2086 /* Debouncer.swift in Sources */ = {isa = PBXBuildFile; fileRef = CEE52FA6279922A2009F2086 /* Debouncer.swift */; };
		CEE52FAA279922E2009F2086 /* CollectionViewSectionSeparatorView.swift in Sources */ = {isa = PBXBuildFile; fileRef = CEE52FA8279922E2009F2086 /* CollectionViewSectionSeparatorView.swift */; };
		CEE52FAB279922E2009F2086 /* CollectionViewItemSeparatorView.swift in Sources */ = {isa = PBXBuildFile; fileRef = CEE52FA9279922E2009F2086 /* CollectionViewItemSeparatorView.swift */; };
		CEE52FAD2799233A009F2086 /* UIView+SafeAnchor.swift in Sources */ = {isa = PBXBuildFile; fileRef = CEE52FAC2799233A009F2086 /* UIView+SafeAnchor.swift */; };
		CEE52FB227992389009F2086 /* PageType.swift in Sources */ = {isa = PBXBuildFile; fileRef = CEE52FAF27992388009F2086 /* PageType.swift */; };
		CEE52FB327992389009F2086 /* CollectionViewContainerType.swift in Sources */ = {isa = PBXBuildFile; fileRef = CEE52FB027992389009F2086 /* CollectionViewContainerType.swift */; };
		CEE52FB427992389009F2086 /* CollectionViewEditingViewControllerType.swift in Sources */ = {isa = PBXBuildFile; fileRef = CEE52FB127992389009F2086 /* CollectionViewEditingViewControllerType.swift */; };
		CEE52FB927992B80009F2086 /* NewsFeedViewController.xib in Resources */ = {isa = PBXBuildFile; fileRef = CEE52FB727992B80009F2086 /* NewsFeedViewController.xib */; };
		CEE52FBA27992B80009F2086 /* NewsFeedViewController.swift in Sources */ = {isa = PBXBuildFile; fileRef = CEE52FB827992B80009F2086 /* NewsFeedViewController.swift */; };
		CEE52FBD27992C13009F2086 /* ErrorStateView.swift in Sources */ = {isa = PBXBuildFile; fileRef = CEE52FBB27992C13009F2086 /* ErrorStateView.swift */; };
		CEE52FBE27992C13009F2086 /* ErrorStateView.xib in Resources */ = {isa = PBXBuildFile; fileRef = CEE52FBC27992C13009F2086 /* ErrorStateView.xib */; };
		CEE52FC027992CF7009F2086 /* NewsFeedContainerViewType.swift in Sources */ = {isa = PBXBuildFile; fileRef = CEE52FBF27992CF6009F2086 /* NewsFeedContainerViewType.swift */; };
		CEE52FC227992D0D009F2086 /* ProgressEventListenerViewType.swift in Sources */ = {isa = PBXBuildFile; fileRef = CEE52FC127992D0D009F2086 /* ProgressEventListenerViewType.swift */; };
		CEE52FC427992D42009F2086 /* NewsFeedViewControllerDelegate.swift in Sources */ = {isa = PBXBuildFile; fileRef = CEE52FC327992D42009F2086 /* NewsFeedViewControllerDelegate.swift */; };
		CEE52FC627992D54009F2086 /* SearchableContentDelegate.swift in Sources */ = {isa = PBXBuildFile; fileRef = CEE52FC527992D54009F2086 /* SearchableContentDelegate.swift */; };
		CEE52FC827992D66009F2086 /* SearchViewPresentingController.swift in Sources */ = {isa = PBXBuildFile; fileRef = CEE52FC727992D66009F2086 /* SearchViewPresentingController.swift */; };
		CEE52FCC27992D96009F2086 /* WebContentViewCellDelegate.swift in Sources */ = {isa = PBXBuildFile; fileRef = CEE52FCB27992D96009F2086 /* WebContentViewCellDelegate.swift */; };
		CEE52FCE27992DB3009F2086 /* AdComponentDelegate.swift in Sources */ = {isa = PBXBuildFile; fileRef = CEE52FCD27992DB3009F2086 /* AdComponentDelegate.swift */; };
		CEE52FD027992E19009F2086 /* DynamicContentCellDelegate.swift in Sources */ = {isa = PBXBuildFile; fileRef = CEE52FCF27992E19009F2086 /* DynamicContentCellDelegate.swift */; };
		CEE52FD527992F2C009F2086 /* DFPAdView.swift in Sources */ = {isa = PBXBuildFile; fileRef = CEE52FD427992F2C009F2086 /* DFPAdView.swift */; };
		CEE53031279945C8009F2086 /* BaseNewsFeedController.swift in Sources */ = {isa = PBXBuildFile; fileRef = CEE53030279945C8009F2086 /* BaseNewsFeedController.swift */; };
		CEE530392799461A009F2086 /* HorizontalPaginationManager.swift in Sources */ = {isa = PBXBuildFile; fileRef = CEE530332799461A009F2086 /* HorizontalPaginationManager.swift */; };
		CEE5303A2799461A009F2086 /* VerticalPaginationProvider.swift in Sources */ = {isa = PBXBuildFile; fileRef = CEE530342799461A009F2086 /* VerticalPaginationProvider.swift */; };
		CEE5303B2799461A009F2086 /* VerticalPaginationManager.swift in Sources */ = {isa = PBXBuildFile; fileRef = CEE530352799461A009F2086 /* VerticalPaginationManager.swift */; };
		CEE5303C2799461A009F2086 /* PaginationDelegate.swift in Sources */ = {isa = PBXBuildFile; fileRef = CEE530362799461A009F2086 /* PaginationDelegate.swift */; };
		CEE5303E2799461A009F2086 /* HorizontalPaginationProvider.swift in Sources */ = {isa = PBXBuildFile; fileRef = CEE530382799461A009F2086 /* HorizontalPaginationProvider.swift */; };
		CEE5304027994641009F2086 /* PageInfoProvider.swift in Sources */ = {isa = PBXBuildFile; fileRef = CEE5303F27994641009F2086 /* PageInfoProvider.swift */; };
		CEE53044279946D6009F2086 /* FeedJSONResolver.swift in Sources */ = {isa = PBXBuildFile; fileRef = CEE53042279946D6009F2086 /* FeedJSONResolver.swift */; };
		CEE53045279946D6009F2086 /* ComponentFactory.swift in Sources */ = {isa = PBXBuildFile; fileRef = CEE53043279946D6009F2086 /* ComponentFactory.swift */; };
		CEE53047279946F2009F2086 /* DFPAd.swift in Sources */ = {isa = PBXBuildFile; fileRef = CEE53046279946F2009F2086 /* DFPAd.swift */; };
		CEE5304B27994778009F2086 /* CGSizeExtension.swift in Sources */ = {isa = PBXBuildFile; fileRef = CEE5304A27994778009F2086 /* CGSizeExtension.swift */; };
		CEE5304D279947F6009F2086 /* Feed.swift in Sources */ = {isa = PBXBuildFile; fileRef = CEE5304C279947F6009F2086 /* Feed.swift */; };
		CEE5304F27994808009F2086 /* PagedFeed.swift in Sources */ = {isa = PBXBuildFile; fileRef = CEE5304E27994808009F2086 /* PagedFeed.swift */; };
/* End PBXBuildFile section */

/* Begin PBXFileReference section */
		3177B72EC1B80F032287A8CA /* Pods-GoogleAdSample (iOS).debug.xcconfig */ = {isa = PBXFileReference; includeInIndex = 1; lastKnownFileType = text.xcconfig; name = "Pods-GoogleAdSample (iOS).debug.xcconfig"; path = "Target Support Files/Pods-GoogleAdSample (iOS)/Pods-GoogleAdSample (iOS).debug.xcconfig"; sourceTree = "<group>"; };
		532FE02182A87081B448B71C /* Pods_GoogleAdSample__iOS_.framework */ = {isa = PBXFileReference; explicitFileType = wrapper.framework; includeInIndex = 0; path = Pods_GoogleAdSample__iOS_.framework; sourceTree = BUILT_PRODUCTS_DIR; };
		783A01958C997057B9B6AB6A /* Pods-GoogleAdSample (iOS).release.xcconfig */ = {isa = PBXFileReference; includeInIndex = 1; lastKnownFileType = text.xcconfig; name = "Pods-GoogleAdSample (iOS).release.xcconfig"; path = "Target Support Files/Pods-GoogleAdSample (iOS)/Pods-GoogleAdSample (iOS).release.xcconfig"; sourceTree = "<group>"; };
		CE53BD0E2797D8F5001CCE7F /* Assets.xcassets */ = {isa = PBXFileReference; lastKnownFileType = folder.assetcatalog; path = Assets.xcassets; sourceTree = "<group>"; };
		CE53BD132797D8F5001CCE7F /* GoogleAdSample.app */ = {isa = PBXFileReference; explicitFileType = wrapper.application; includeInIndex = 0; path = GoogleAdSample.app; sourceTree = BUILT_PRODUCTS_DIR; };
		CE53BD2A2797D986001CCE7F /* GoogleAdSample (iOS)-Bridging-Header.h */ = {isa = PBXFileReference; lastKnownFileType = sourcecode.c.h; path = "GoogleAdSample (iOS)-Bridging-Header.h"; sourceTree = "<group>"; };
		CE53BD2B2797D986001CCE7F /* AppDelegate.swift */ = {isa = PBXFileReference; lastKnownFileType = sourcecode.swift; path = AppDelegate.swift; sourceTree = "<group>"; };
		CE53BD2D2797D9EE001CCE7F /* Launch Screen.storyboard */ = {isa = PBXFileReference; lastKnownFileType = file.storyboard; path = "Launch Screen.storyboard"; sourceTree = "<group>"; };
		CE53BD2F2797DA11001CCE7F /* Main.storyboard */ = {isa = PBXFileReference; lastKnownFileType = file.storyboard; path = Main.storyboard; sourceTree = "<group>"; };
		CE53BD312797DA96001CCE7F /* HomeVC.swift */ = {isa = PBXFileReference; lastKnownFileType = sourcecode.swift; path = HomeVC.swift; sourceTree = "<group>"; };
		CE53BD332797DD5B001CCE7F /* Info.plist */ = {isa = PBXFileReference; lastKnownFileType = text.plist.xml; path = Info.plist; sourceTree = "<group>"; };
		CE9D716627981A59002BD4BF /* BaseFeedViewController.swift */ = {isa = PBXFileReference; fileEncoding = 4; lastKnownFileType = sourcecode.swift; path = BaseFeedViewController.swift; sourceTree = "<group>"; };
		CE9D716927981A9C002BD4BF /* UIColor+DN.swift */ = {isa = PBXFileReference; fileEncoding = 4; lastKnownFileType = sourcecode.swift; path = "UIColor+DN.swift"; sourceTree = "<group>"; };
		CE9D716C27981B39002BD4BF /* URLSearchDataReader.swift */ = {isa = PBXFileReference; fileEncoding = 4; lastKnownFileType = sourcecode.swift; path = URLSearchDataReader.swift; sourceTree = "<group>"; };
		CE9D716E27981B39002BD4BF /* ALPushTransitionAnimatorZoomIn.swift */ = {isa = PBXFileReference; fileEncoding = 4; lastKnownFileType = sourcecode.swift; path = ALPushTransitionAnimatorZoomIn.swift; sourceTree = "<group>"; };
		CE9D716F27981B39002BD4BF /* ALPopTransitionAnimatorZoomOut.swift */ = {isa = PBXFileReference; fileEncoding = 4; lastKnownFileType = sourcecode.swift; path = ALPopTransitionAnimatorZoomOut.swift; sourceTree = "<group>"; };
		CE9D717027981B39002BD4BF /* URLDataReader.swift */ = {isa = PBXFileReference; fileEncoding = 4; lastKnownFileType = sourcecode.swift; path = URLDataReader.swift; sourceTree = "<group>"; };
		CE9D717127981B39002BD4BF /* URLSessionDataTask.swift */ = {isa = PBXFileReference; fileEncoding = 4; lastKnownFileType = sourcecode.swift; path = URLSessionDataTask.swift; sourceTree = "<group>"; };
		CE9D717227981B39002BD4BF /* URLPostJSON.swift */ = {isa = PBXFileReference; fileEncoding = 4; lastKnownFileType = sourcecode.swift; path = URLPostJSON.swift; sourceTree = "<group>"; };
		CE9D717527981B39002BD4BF /* CollectionViewCustomLayout.swift */ = {isa = PBXFileReference; fileEncoding = 4; lastKnownFileType = sourcecode.swift; path = CollectionViewCustomLayout.swift; sourceTree = "<group>"; };
		CE9D717727981B39002BD4BF /* CollectionViewSectionLayoutInitials.swift */ = {isa = PBXFileReference; fileEncoding = 4; lastKnownFileType = sourcecode.swift; path = CollectionViewSectionLayoutInitials.swift; sourceTree = "<group>"; };
		CE9D717827981B39002BD4BF /* CollectionViewSupplementaryViewInitials.swift */ = {isa = PBXFileReference; fileEncoding = 4; lastKnownFileType = sourcecode.swift; path = CollectionViewSupplementaryViewInitials.swift; sourceTree = "<group>"; };
		CE9D717927981B39002BD4BF /* CollectionViewCellLayoutInitials.swift */ = {isa = PBXFileReference; fileEncoding = 4; lastKnownFileType = sourcecode.swift; path = CollectionViewCellLayoutInitials.swift; sourceTree = "<group>"; };
		CE9D717A27981B39002BD4BF /* CollectionViewDecoratorViewInitials.swift */ = {isa = PBXFileReference; fileEncoding = 4; lastKnownFileType = sourcecode.swift; path = CollectionViewDecoratorViewInitials.swift; sourceTree = "<group>"; };
		CE9D717C27981B39002BD4BF /* CollectionViewCellLayoutInitialsType.swift */ = {isa = PBXFileReference; fileEncoding = 4; lastKnownFileType = sourcecode.swift; path = CollectionViewCellLayoutInitialsType.swift; sourceTree = "<group>"; };
		CE9D717D27981B39002BD4BF /* Builder.swift */ = {isa = PBXFileReference; fileEncoding = 4; lastKnownFileType = sourcecode.swift; path = Builder.swift; sourceTree = "<group>"; };
		CE9D717E27981B39002BD4BF /* CollectionViewSectionLayoutInitialsType.swift */ = {isa = PBXFileReference; fileEncoding = 4; lastKnownFileType = sourcecode.swift; path = CollectionViewSectionLayoutInitialsType.swift; sourceTree = "<group>"; };
		CE9D717F27981B39002BD4BF /* CollectionViewDecoratorViewInitialsType.swift */ = {isa = PBXFileReference; fileEncoding = 4; lastKnownFileType = sourcecode.swift; path = CollectionViewDecoratorViewInitialsType.swift; sourceTree = "<group>"; };
		CE9D718027981B39002BD4BF /* LayoutInitialsDefinerType.swift */ = {isa = PBXFileReference; fileEncoding = 4; lastKnownFileType = sourcecode.swift; path = LayoutInitialsDefinerType.swift; sourceTree = "<group>"; };
		CE9D718127981B39002BD4BF /* CollectionViewSupplementaryViewInitialsType.swift */ = {isa = PBXFileReference; fileEncoding = 4; lastKnownFileType = sourcecode.swift; path = CollectionViewSupplementaryViewInitialsType.swift; sourceTree = "<group>"; };
		CE9D718227981B39002BD4BF /* CollectionViewDecoratorStyle.swift */ = {isa = PBXFileReference; fileEncoding = 4; lastKnownFileType = sourcecode.swift; path = CollectionViewDecoratorStyle.swift; sourceTree = "<group>"; };
		CE9D718427981B39002BD4BF /* CollectionViewDecorationViewHandler.swift */ = {isa = PBXFileReference; fileEncoding = 4; lastKnownFileType = sourcecode.swift; path = CollectionViewDecorationViewHandler.swift; sourceTree = "<group>"; };
		CE9D718627981B39002BD4BF /* CollectionViewSectionSeparatorLayoutAttributes.swift */ = {isa = PBXFileReference; fileEncoding = 4; lastKnownFileType = sourcecode.swift; path = CollectionViewSectionSeparatorLayoutAttributes.swift; sourceTree = "<group>"; };
		CE9D718727981B39002BD4BF /* CollectionViewSeparatorLayoutAttributes.swift */ = {isa = PBXFileReference; fileEncoding = 4; lastKnownFileType = sourcecode.swift; path = CollectionViewSeparatorLayoutAttributes.swift; sourceTree = "<group>"; };
		CE9D718827981B39002BD4BF /* UIView+RoundCorners.swift */ = {isa = PBXFileReference; fileEncoding = 4; lastKnownFileType = sourcecode.swift; path = "UIView+RoundCorners.swift"; sourceTree = "<group>"; };
		CE9D718927981B39002BD4BF /* UIView+LoadFromXIB.swift */ = {isa = PBXFileReference; fileEncoding = 4; lastKnownFileType = sourcecode.swift; path = "UIView+LoadFromXIB.swift"; sourceTree = "<group>"; };
		CE9D718A27981B39002BD4BF /* URLPutJSON.swift */ = {isa = PBXFileReference; fileEncoding = 4; lastKnownFileType = sourcecode.swift; path = URLPutJSON.swift; sourceTree = "<group>"; };
		CE9D718B27981B39002BD4BF /* GCDutils.swift */ = {isa = PBXFileReference; fileEncoding = 4; lastKnownFileType = sourcecode.swift; path = GCDutils.swift; sourceTree = "<group>"; };
		CE9D720F27981C46002BD4BF /* Log+Extension.swift */ = {isa = PBXFileReference; lastKnownFileType = sourcecode.swift; path = "Log+Extension.swift"; sourceTree = "<group>"; };
		CEE52F6927990577009F2086 /* CollectionViewFeedContentProvider.swift */ = {isa = PBXFileReference; fileEncoding = 4; lastKnownFileType = sourcecode.swift; path = CollectionViewFeedContentProvider.swift; sourceTree = "<group>"; };
		CEE52F6B27990577009F2086 /* CollectionViewFlowLayoutInfoProvider.swift */ = {isa = PBXFileReference; fileEncoding = 4; lastKnownFileType = sourcecode.swift; path = CollectionViewFlowLayoutInfoProvider.swift; sourceTree = "<group>"; };
		CEE52F6C27990577009F2086 /* CollectionViewFeedContentProviding.swift */ = {isa = PBXFileReference; fileEncoding = 4; lastKnownFileType = sourcecode.swift; path = CollectionViewFeedContentProviding.swift; sourceTree = "<group>"; };
		CEE52F7027990992009F2086 /* Data+Extension.swift */ = {isa = PBXFileReference; lastKnownFileType = sourcecode.swift; path = "Data+Extension.swift"; sourceTree = "<group>"; };
		CEE52F72279909E7009F2086 /* ErrorStateMapper.swift */ = {isa = PBXFileReference; fileEncoding = 4; lastKnownFileType = sourcecode.swift; path = ErrorStateMapper.swift; sourceTree = "<group>"; };
		CEE52F7427990A14009F2086 /* JSONExtension.swift */ = {isa = PBXFileReference; fileEncoding = 4; lastKnownFileType = sourcecode.swift; path = JSONExtension.swift; sourceTree = "<group>"; };
		CEE52F7727990A61009F2086 /* CollectionViewFeedPart.swift */ = {isa = PBXFileReference; fileEncoding = 4; lastKnownFileType = sourcecode.swift; path = CollectionViewFeedPart.swift; sourceTree = "<group>"; };
		CEE52F7827990A61009F2086 /* CollectionViewPart.swift */ = {isa = PBXFileReference; fileEncoding = 4; lastKnownFileType = sourcecode.swift; path = CollectionViewPart.swift; sourceTree = "<group>"; };
		CEE52F7927990A61009F2086 /* VaryingSizePart.swift */ = {isa = PBXFileReference; fileEncoding = 4; lastKnownFileType = sourcecode.swift; path = VaryingSizePart.swift; sourceTree = "<group>"; };
		CEE52F7E27990ECA009F2086 /* Component.swift */ = {isa = PBXFileReference; fileEncoding = 4; lastKnownFileType = sourcecode.swift; path = Component.swift; sourceTree = "<group>"; };
		CEE52F8027990EF7009F2086 /* UnknownComponent.swift */ = {isa = PBXFileReference; fileEncoding = 4; lastKnownFileType = sourcecode.swift; path = UnknownComponent.swift; sourceTree = "<group>"; };
		CEE52F8327991107009F2086 /* SectionPart.swift */ = {isa = PBXFileReference; fileEncoding = 4; lastKnownFileType = sourcecode.swift; path = SectionPart.swift; sourceTree = "<group>"; };
		CEE52F8427991107009F2086 /* CollectionViewSectionInfoProviding.swift */ = {isa = PBXFileReference; fileEncoding = 4; lastKnownFileType = sourcecode.swift; path = CollectionViewSectionInfoProviding.swift; sourceTree = "<group>"; };
		CEE52F8827992187009F2086 /* PartRendering.swift */ = {isa = PBXFileReference; fileEncoding = 4; lastKnownFileType = sourcecode.swift; path = PartRendering.swift; sourceTree = "<group>"; };
		CEE52F8927992187009F2086 /* GeneralPartRenderer.swift */ = {isa = PBXFileReference; fileEncoding = 4; lastKnownFileType = sourcecode.swift; path = GeneralPartRenderer.swift; sourceTree = "<group>"; };
		CEE52F8A27992187009F2086 /* PartRendererBase.swift */ = {isa = PBXFileReference; fileEncoding = 4; lastKnownFileType = sourcecode.swift; path = PartRendererBase.swift; sourceTree = "<group>"; };
		CEE52F8C27992187009F2086 /* CollectionViewPartRendererFactory.swift */ = {isa = PBXFileReference; fileEncoding = 4; lastKnownFileType = sourcecode.swift; path = CollectionViewPartRendererFactory.swift; sourceTree = "<group>"; };
		CEE52F8D27992187009F2086 /* GeneralCollectionViewPartRenderer.swift */ = {isa = PBXFileReference; fileEncoding = 4; lastKnownFileType = sourcecode.swift; path = GeneralCollectionViewPartRenderer.swift; sourceTree = "<group>"; };
		CEE52F8F27992187009F2086 /* CollectionViewPartRenderingBase.swift */ = {isa = PBXFileReference; fileEncoding = 4; lastKnownFileType = sourcecode.swift; path = CollectionViewPartRenderingBase.swift; sourceTree = "<group>"; };
		CEE52F9027992187009F2086 /* CollectionViewPartRendering.swift */ = {isa = PBXFileReference; fileEncoding = 4; lastKnownFileType = sourcecode.swift; path = CollectionViewPartRendering.swift; sourceTree = "<group>"; };
		CEE52F98279921BA009F2086 /* FeedPart.swift */ = {isa = PBXFileReference; fileEncoding = 4; lastKnownFileType = sourcecode.swift; path = FeedPart.swift; sourceTree = "<group>"; };
		CEE52F9A279921E6009F2086 /* TableViewCellWidthSizing.swift */ = {isa = PBXFileReference; fileEncoding = 4; lastKnownFileType = sourcecode.swift; path = TableViewCellWidthSizing.swift; sourceTree = "<group>"; };
		CEE52F9C27992211009F2086 /* IntExtensions.swift */ = {isa = PBXFileReference; fileEncoding = 4; lastKnownFileType = sourcecode.swift; path = IntExtensions.swift; sourceTree = "<group>"; };
		CEE52F9E2799223D009F2086 /* TableViewCellReusing.swift */ = {isa = PBXFileReference; fileEncoding = 4; lastKnownFileType = sourcecode.swift; path = TableViewCellReusing.swift; sourceTree = "<group>"; };
		CEE52FA027992259009F2086 /* PartDisplaying.swift */ = {isa = PBXFileReference; fileEncoding = 4; lastKnownFileType = sourcecode.swift; path = PartDisplaying.swift; sourceTree = "<group>"; };
		CEE52FA227992287009F2086 /* CollectionViewCellReusing.swift */ = {isa = PBXFileReference; fileEncoding = 4; lastKnownFileType = sourcecode.swift; path = CollectionViewCellReusing.swift; sourceTree = "<group>"; };
		CEE52FA327992287009F2086 /* CollectionViewPartDisplaying.swift */ = {isa = PBXFileReference; fileEncoding = 4; lastKnownFileType = sourcecode.swift; path = CollectionViewPartDisplaying.swift; sourceTree = "<group>"; };
		CEE52FA6279922A2009F2086 /* Debouncer.swift */ = {isa = PBXFileReference; fileEncoding = 4; lastKnownFileType = sourcecode.swift; path = Debouncer.swift; sourceTree = "<group>"; };
		CEE52FA8279922E2009F2086 /* CollectionViewSectionSeparatorView.swift */ = {isa = PBXFileReference; fileEncoding = 4; lastKnownFileType = sourcecode.swift; path = CollectionViewSectionSeparatorView.swift; sourceTree = "<group>"; };
		CEE52FA9279922E2009F2086 /* CollectionViewItemSeparatorView.swift */ = {isa = PBXFileReference; fileEncoding = 4; lastKnownFileType = sourcecode.swift; path = CollectionViewItemSeparatorView.swift; sourceTree = "<group>"; };
		CEE52FAC2799233A009F2086 /* UIView+SafeAnchor.swift */ = {isa = PBXFileReference; fileEncoding = 4; lastKnownFileType = sourcecode.swift; path = "UIView+SafeAnchor.swift"; sourceTree = "<group>"; };
		CEE52FAF27992388009F2086 /* PageType.swift */ = {isa = PBXFileReference; fileEncoding = 4; lastKnownFileType = sourcecode.swift; path = PageType.swift; sourceTree = "<group>"; };
		CEE52FB027992389009F2086 /* CollectionViewContainerType.swift */ = {isa = PBXFileReference; fileEncoding = 4; lastKnownFileType = sourcecode.swift; path = CollectionViewContainerType.swift; sourceTree = "<group>"; };
		CEE52FB127992389009F2086 /* CollectionViewEditingViewControllerType.swift */ = {isa = PBXFileReference; fileEncoding = 4; lastKnownFileType = sourcecode.swift; path = CollectionViewEditingViewControllerType.swift; sourceTree = "<group>"; };
		CEE52FB727992B80009F2086 /* NewsFeedViewController.xib */ = {isa = PBXFileReference; fileEncoding = 4; lastKnownFileType = file.xib; path = NewsFeedViewController.xib; sourceTree = "<group>"; };
		CEE52FB827992B80009F2086 /* NewsFeedViewController.swift */ = {isa = PBXFileReference; fileEncoding = 4; lastKnownFileType = sourcecode.swift; path = NewsFeedViewController.swift; sourceTree = "<group>"; };
		CEE52FBB27992C13009F2086 /* ErrorStateView.swift */ = {isa = PBXFileReference; fileEncoding = 4; lastKnownFileType = sourcecode.swift; path = ErrorStateView.swift; sourceTree = "<group>"; };
		CEE52FBC27992C13009F2086 /* ErrorStateView.xib */ = {isa = PBXFileReference; fileEncoding = 4; lastKnownFileType = file.xib; path = ErrorStateView.xib; sourceTree = "<group>"; };
		CEE52FBF27992CF6009F2086 /* NewsFeedContainerViewType.swift */ = {isa = PBXFileReference; fileEncoding = 4; lastKnownFileType = sourcecode.swift; path = NewsFeedContainerViewType.swift; sourceTree = "<group>"; };
		CEE52FC127992D0D009F2086 /* ProgressEventListenerViewType.swift */ = {isa = PBXFileReference; fileEncoding = 4; lastKnownFileType = sourcecode.swift; path = ProgressEventListenerViewType.swift; sourceTree = "<group>"; };
		CEE52FC327992D42009F2086 /* NewsFeedViewControllerDelegate.swift */ = {isa = PBXFileReference; fileEncoding = 4; lastKnownFileType = sourcecode.swift; path = NewsFeedViewControllerDelegate.swift; sourceTree = "<group>"; };
		CEE52FC527992D54009F2086 /* SearchableContentDelegate.swift */ = {isa = PBXFileReference; fileEncoding = 4; lastKnownFileType = sourcecode.swift; path = SearchableContentDelegate.swift; sourceTree = "<group>"; };
		CEE52FC727992D66009F2086 /* SearchViewPresentingController.swift */ = {isa = PBXFileReference; fileEncoding = 4; lastKnownFileType = sourcecode.swift; path = SearchViewPresentingController.swift; sourceTree = "<group>"; };
		CEE52FCB27992D96009F2086 /* WebContentViewCellDelegate.swift */ = {isa = PBXFileReference; fileEncoding = 4; lastKnownFileType = sourcecode.swift; path = WebContentViewCellDelegate.swift; sourceTree = "<group>"; };
		CEE52FCD27992DB3009F2086 /* AdComponentDelegate.swift */ = {isa = PBXFileReference; fileEncoding = 4; lastKnownFileType = sourcecode.swift; path = AdComponentDelegate.swift; sourceTree = "<group>"; };
		CEE52FCF27992E19009F2086 /* DynamicContentCellDelegate.swift */ = {isa = PBXFileReference; fileEncoding = 4; lastKnownFileType = sourcecode.swift; path = DynamicContentCellDelegate.swift; sourceTree = "<group>"; };
		CEE52FD427992F2C009F2086 /* DFPAdView.swift */ = {isa = PBXFileReference; fileEncoding = 4; lastKnownFileType = sourcecode.swift; path = DFPAdView.swift; sourceTree = "<group>"; };
		CEE53030279945C8009F2086 /* BaseNewsFeedController.swift */ = {isa = PBXFileReference; fileEncoding = 4; lastKnownFileType = sourcecode.swift; path = BaseNewsFeedController.swift; sourceTree = "<group>"; };
		CEE530332799461A009F2086 /* HorizontalPaginationManager.swift */ = {isa = PBXFileReference; fileEncoding = 4; lastKnownFileType = sourcecode.swift; path = HorizontalPaginationManager.swift; sourceTree = "<group>"; };
		CEE530342799461A009F2086 /* VerticalPaginationProvider.swift */ = {isa = PBXFileReference; fileEncoding = 4; lastKnownFileType = sourcecode.swift; path = VerticalPaginationProvider.swift; sourceTree = "<group>"; };
		CEE530352799461A009F2086 /* VerticalPaginationManager.swift */ = {isa = PBXFileReference; fileEncoding = 4; lastKnownFileType = sourcecode.swift; path = VerticalPaginationManager.swift; sourceTree = "<group>"; };
		CEE530362799461A009F2086 /* PaginationDelegate.swift */ = {isa = PBXFileReference; fileEncoding = 4; lastKnownFileType = sourcecode.swift; path = PaginationDelegate.swift; sourceTree = "<group>"; };
		CEE530382799461A009F2086 /* HorizontalPaginationProvider.swift */ = {isa = PBXFileReference; fileEncoding = 4; lastKnownFileType = sourcecode.swift; path = HorizontalPaginationProvider.swift; sourceTree = "<group>"; };
		CEE5303F27994641009F2086 /* PageInfoProvider.swift */ = {isa = PBXFileReference; fileEncoding = 4; lastKnownFileType = sourcecode.swift; path = PageInfoProvider.swift; sourceTree = "<group>"; };
		CEE53042279946D6009F2086 /* FeedJSONResolver.swift */ = {isa = PBXFileReference; fileEncoding = 4; lastKnownFileType = sourcecode.swift; path = FeedJSONResolver.swift; sourceTree = "<group>"; };
		CEE53043279946D6009F2086 /* ComponentFactory.swift */ = {isa = PBXFileReference; fileEncoding = 4; lastKnownFileType = sourcecode.swift; path = ComponentFactory.swift; sourceTree = "<group>"; };
		CEE53046279946F2009F2086 /* DFPAd.swift */ = {isa = PBXFileReference; fileEncoding = 4; lastKnownFileType = sourcecode.swift; path = DFPAd.swift; sourceTree = "<group>"; };
		CEE5304A27994778009F2086 /* CGSizeExtension.swift */ = {isa = PBXFileReference; fileEncoding = 4; lastKnownFileType = sourcecode.swift; path = CGSizeExtension.swift; sourceTree = "<group>"; };
		CEE5304C279947F6009F2086 /* Feed.swift */ = {isa = PBXFileReference; fileEncoding = 4; lastKnownFileType = sourcecode.swift; path = Feed.swift; sourceTree = "<group>"; };
		CEE5304E27994808009F2086 /* PagedFeed.swift */ = {isa = PBXFileReference; fileEncoding = 4; lastKnownFileType = sourcecode.swift; path = PagedFeed.swift; sourceTree = "<group>"; };
/* End PBXFileReference section */

/* Begin PBXFrameworksBuildPhase section */
		CE53BD102797D8F5001CCE7F /* Frameworks */ = {
			isa = PBXFrameworksBuildPhase;
			buildActionMask = 2147483647;
			files = (
				90ADF96ECD3286CCD4C1D7D9 /* Pods_GoogleAdSample__iOS_.framework in Frameworks */,
			);
			runOnlyForDeploymentPostprocessing = 0;
		};
/* End PBXFrameworksBuildPhase section */

/* Begin PBXGroup section */
		55CC3258E3FB48849B4C9BA9 /* Pods */ = {
			isa = PBXGroup;
			children = (
				3177B72EC1B80F032287A8CA /* Pods-GoogleAdSample (iOS).debug.xcconfig */,
				783A01958C997057B9B6AB6A /* Pods-GoogleAdSample (iOS).release.xcconfig */,
			);
			path = Pods;
			sourceTree = "<group>";
		};
		9E8F99DE2BA2B0FB4601C54B /* Frameworks */ = {
			isa = PBXGroup;
			children = (
				532FE02182A87081B448B71C /* Pods_GoogleAdSample__iOS_.framework */,
			);
			name = Frameworks;
			sourceTree = "<group>";
		};
		CE53BD062797D8F4001CCE7F = {
			isa = PBXGroup;
			children = (
				CE53BD0B2797D8F4001CCE7F /* Shared */,
				CE53BD142797D8F5001CCE7F /* Products */,
				55CC3258E3FB48849B4C9BA9 /* Pods */,
				9E8F99DE2BA2B0FB4601C54B /* Frameworks */,
			);
			sourceTree = "<group>";
		};
		CE53BD0B2797D8F4001CCE7F /* Shared */ = {
			isa = PBXGroup;
			children = (
				CEE530322799461A009F2086 /* LoadMore */,
				CEE52FB527992B5E009F2086 /* UseCase */,
				CEE52F8727992187009F2086 /* Rendering */,
				CEE52F7D27990EB3009F2086 /* Model */,
				CEE52F7627990A2C009F2086 /* Parts */,
				CEE52F6827990577009F2086 /* CollectionViewContentProvider */,
				CE9D716B27981B39002BD4BF /* FrameworkCandidates */,
				CE9D716827981A7F002BD4BF /* Extesnions */,
				CE9D716627981A59002BD4BF /* BaseFeedViewController.swift */,
				CE53BD0E2797D8F5001CCE7F /* Assets.xcassets */,
				CE53BD2B2797D986001CCE7F /* AppDelegate.swift */,
				CE53BD2A2797D986001CCE7F /* GoogleAdSample (iOS)-Bridging-Header.h */,
				CE53BD2D2797D9EE001CCE7F /* Launch Screen.storyboard */,
				CE53BD2F2797DA11001CCE7F /* Main.storyboard */,
				CE53BD312797DA96001CCE7F /* HomeVC.swift */,
				CE53BD332797DD5B001CCE7F /* Info.plist */,
			);
			path = Shared;
			sourceTree = "<group>";
		};
		CE53BD142797D8F5001CCE7F /* Products */ = {
			isa = PBXGroup;
			children = (
				CE53BD132797D8F5001CCE7F /* GoogleAdSample.app */,
			);
			name = Products;
			sourceTree = "<group>";
		};
		CE9D716827981A7F002BD4BF /* Extesnions */ = {
			isa = PBXGroup;
			children = (
				CEE5304A27994778009F2086 /* CGSizeExtension.swift */,
				CEE52FAC2799233A009F2086 /* UIView+SafeAnchor.swift */,
				CEE52F9C27992211009F2086 /* IntExtensions.swift */,
				CEE52F7427990A14009F2086 /* JSONExtension.swift */,
				CEE52FBB27992C13009F2086 /* ErrorStateView.swift */,
				CEE52FBC27992C13009F2086 /* ErrorStateView.xib */,
				CEE52F72279909E7009F2086 /* ErrorStateMapper.swift */,
				CE9D716927981A9C002BD4BF /* UIColor+DN.swift */,
				CE9D720F27981C46002BD4BF /* Log+Extension.swift */,
				CEE52F7027990992009F2086 /* Data+Extension.swift */,
			);
			path = Extesnions;
			sourceTree = "<group>";
		};
		CE9D716B27981B39002BD4BF /* FrameworkCandidates */ = {
			isa = PBXGroup;
			children = (
				CEE52FA9279922E2009F2086 /* CollectionViewItemSeparatorView.swift */,
				CEE52FA8279922E2009F2086 /* CollectionViewSectionSeparatorView.swift */,
				CEE52F82279910B8009F2086 /* CollectionViewSections */,
				CE9D716C27981B39002BD4BF /* URLSearchDataReader.swift */,
				CE9D716D27981B39002BD4BF /* ALViewTransition */,
				CE9D717027981B39002BD4BF /* URLDataReader.swift */,
				CE9D717127981B39002BD4BF /* URLSessionDataTask.swift */,
				CE9D717227981B39002BD4BF /* URLPostJSON.swift */,
				CE9D717327981B39002BD4BF /* CollectionViewTemplate */,
				CE9D718827981B39002BD4BF /* UIView+RoundCorners.swift */,
				CE9D718927981B39002BD4BF /* UIView+LoadFromXIB.swift */,
				CE9D718A27981B39002BD4BF /* URLPutJSON.swift */,
				CE9D718B27981B39002BD4BF /* GCDutils.swift */,
			);
			path = FrameworkCandidates;
			sourceTree = "<group>";
		};
		CE9D716D27981B39002BD4BF /* ALViewTransition */ = {
			isa = PBXGroup;
			children = (
				CE9D716E27981B39002BD4BF /* ALPushTransitionAnimatorZoomIn.swift */,
				CE9D716F27981B39002BD4BF /* ALPopTransitionAnimatorZoomOut.swift */,
			);
			path = ALViewTransition;
			sourceTree = "<group>";
		};
		CE9D717327981B39002BD4BF /* CollectionViewTemplate */ = {
			isa = PBXGroup;
			children = (
				CE9D717427981B39002BD4BF /* CollectionViewLayout */,
				CE9D717627981B39002BD4BF /* CollectionViewInitials */,
				CE9D718327981B39002BD4BF /* CollectionViewHelper */,
				CE9D718527981B39002BD4BF /* CollectionViewLayoutAttributes */,
			);
			path = CollectionViewTemplate;
			sourceTree = "<group>";
		};
		CE9D717427981B39002BD4BF /* CollectionViewLayout */ = {
			isa = PBXGroup;
			children = (
				CE9D717527981B39002BD4BF /* CollectionViewCustomLayout.swift */,
			);
			path = CollectionViewLayout;
			sourceTree = "<group>";
		};
		CE9D717627981B39002BD4BF /* CollectionViewInitials */ = {
			isa = PBXGroup;
			children = (
				CE9D717727981B39002BD4BF /* CollectionViewSectionLayoutInitials.swift */,
				CE9D717827981B39002BD4BF /* CollectionViewSupplementaryViewInitials.swift */,
				CE9D717927981B39002BD4BF /* CollectionViewCellLayoutInitials.swift */,
				CE9D717A27981B39002BD4BF /* CollectionViewDecoratorViewInitials.swift */,
				CE9D717B27981B39002BD4BF /* Type */,
				CE9D718227981B39002BD4BF /* CollectionViewDecoratorStyle.swift */,
			);
			path = CollectionViewInitials;
			sourceTree = "<group>";
		};
		CE9D717B27981B39002BD4BF /* Type */ = {
			isa = PBXGroup;
			children = (
				CE9D717C27981B39002BD4BF /* CollectionViewCellLayoutInitialsType.swift */,
				CE9D717D27981B39002BD4BF /* Builder.swift */,
				CE9D717E27981B39002BD4BF /* CollectionViewSectionLayoutInitialsType.swift */,
				CE9D717F27981B39002BD4BF /* CollectionViewDecoratorViewInitialsType.swift */,
				CE9D718027981B39002BD4BF /* LayoutInitialsDefinerType.swift */,
				CE9D718127981B39002BD4BF /* CollectionViewSupplementaryViewInitialsType.swift */,
			);
			path = Type;
			sourceTree = "<group>";
		};
		CE9D718327981B39002BD4BF /* CollectionViewHelper */ = {
			isa = PBXGroup;
			children = (
				CE9D718427981B39002BD4BF /* CollectionViewDecorationViewHandler.swift */,
			);
			path = CollectionViewHelper;
			sourceTree = "<group>";
		};
		CE9D718527981B39002BD4BF /* CollectionViewLayoutAttributes */ = {
			isa = PBXGroup;
			children = (
				CE9D718627981B39002BD4BF /* CollectionViewSectionSeparatorLayoutAttributes.swift */,
				CE9D718727981B39002BD4BF /* CollectionViewSeparatorLayoutAttributes.swift */,
			);
			path = CollectionViewLayoutAttributes;
			sourceTree = "<group>";
		};
		CEE52F6827990577009F2086 /* CollectionViewContentProvider */ = {
			isa = PBXGroup;
			children = (
				CEE52F6927990577009F2086 /* CollectionViewFeedContentProvider.swift */,
				CEE52F6A27990577009F2086 /* Type */,
			);
			path = CollectionViewContentProvider;
			sourceTree = "<group>";
		};
		CEE52F6A27990577009F2086 /* Type */ = {
			isa = PBXGroup;
			children = (
				CEE52F6B27990577009F2086 /* CollectionViewFlowLayoutInfoProvider.swift */,
				CEE52F6C27990577009F2086 /* CollectionViewFeedContentProviding.swift */,
			);
			path = Type;
			sourceTree = "<group>";
		};
		CEE52F7627990A2C009F2086 /* Parts */ = {
			isa = PBXGroup;
			children = (
				CEE52F98279921BA009F2086 /* FeedPart.swift */,
				CEE52F7727990A61009F2086 /* CollectionViewFeedPart.swift */,
				CEE52F7827990A61009F2086 /* CollectionViewPart.swift */,
				CEE52F7927990A61009F2086 /* VaryingSizePart.swift */,
			);
			path = Parts;
			sourceTree = "<group>";
		};
		CEE52F7D27990EB3009F2086 /* Model */ = {
			isa = PBXGroup;
			children = (
				CEE5304E27994808009F2086 /* PagedFeed.swift */,
				CEE5304C279947F6009F2086 /* Feed.swift */,
				CEE53046279946F2009F2086 /* DFPAd.swift */,
				CEE5303F27994641009F2086 /* PageInfoProvider.swift */,
				CEE52F9E2799223D009F2086 /* TableViewCellReusing.swift */,
				CEE52F9A279921E6009F2086 /* TableViewCellWidthSizing.swift */,
				CEE52F7E27990ECA009F2086 /* Component.swift */,
				CEE52F8027990EF7009F2086 /* UnknownComponent.swift */,
				CEE52FA6279922A2009F2086 /* Debouncer.swift */,
			);
			path = Model;
			sourceTree = "<group>";
		};
		CEE52F82279910B8009F2086 /* CollectionViewSections */ = {
			isa = PBXGroup;
			children = (
				CEE52F8427991107009F2086 /* CollectionViewSectionInfoProviding.swift */,
				CEE52F8327991107009F2086 /* SectionPart.swift */,
			);
			path = CollectionViewSections;
			sourceTree = "<group>";
		};
		CEE52F8727992187009F2086 /* Rendering */ = {
			isa = PBXGroup;
			children = (
				CEE52FAE2799237C009F2086 /* ContainerType */,
				CEE52FA027992259009F2086 /* PartDisplaying.swift */,
				CEE52F8827992187009F2086 /* PartRendering.swift */,
				CEE52F8927992187009F2086 /* GeneralPartRenderer.swift */,
				CEE52F8A27992187009F2086 /* PartRendererBase.swift */,
				CEE52F8B27992187009F2086 /* CollectionViewPartRendering */,
			);
			path = Rendering;
			sourceTree = "<group>";
		};
		CEE52F8B27992187009F2086 /* CollectionViewPartRendering */ = {
			isa = PBXGroup;
			children = (
				CEE52F8C27992187009F2086 /* CollectionViewPartRendererFactory.swift */,
				CEE52F8D27992187009F2086 /* GeneralCollectionViewPartRenderer.swift */,
				CEE52FA227992287009F2086 /* CollectionViewCellReusing.swift */,
				CEE52FA327992287009F2086 /* CollectionViewPartDisplaying.swift */,
				CEE52F8E27992187009F2086 /* Type */,
			);
			path = CollectionViewPartRendering;
			sourceTree = "<group>";
		};
		CEE52F8E27992187009F2086 /* Type */ = {
			isa = PBXGroup;
			children = (
				CEE52F8F27992187009F2086 /* CollectionViewPartRenderingBase.swift */,
				CEE52F9027992187009F2086 /* CollectionViewPartRendering.swift */,
			);
			path = Type;
			sourceTree = "<group>";
		};
		CEE52FAE2799237C009F2086 /* ContainerType */ = {
			isa = PBXGroup;
			children = (
				CEE52FB027992389009F2086 /* CollectionViewContainerType.swift */,
				CEE52FB127992389009F2086 /* CollectionViewEditingViewControllerType.swift */,
				CEE52FAF27992388009F2086 /* PageType.swift */,
			);
			path = ContainerType;
			sourceTree = "<group>";
		};
		CEE52FB527992B5E009F2086 /* UseCase */ = {
			isa = PBXGroup;
			children = (
				CEE52FB627992B66009F2086 /* Front */,
			);
			path = UseCase;
			sourceTree = "<group>";
		};
		CEE52FB627992B66009F2086 /* Front */ = {
			isa = PBXGroup;
			children = (
				CEE53041279946C1009F2086 /* Resolver */,
				CEE52FD327992F20009F2086 /* Views */,
				CEE52FD227992E32009F2086 /* Type */,
				CEE52FD127992E22009F2086 /* Delegates */,
				CEE52FB827992B80009F2086 /* NewsFeedViewController.swift */,
				CEE52FB727992B80009F2086 /* NewsFeedViewController.xib */,
				CEE53030279945C8009F2086 /* BaseNewsFeedController.swift */,
			);
			path = Front;
			sourceTree = "<group>";
		};
		CEE52FD127992E22009F2086 /* Delegates */ = {
			isa = PBXGroup;
			children = (
				CEE52FCF27992E19009F2086 /* DynamicContentCellDelegate.swift */,
				CEE52FCD27992DB3009F2086 /* AdComponentDelegate.swift */,
				CEE52FCB27992D96009F2086 /* WebContentViewCellDelegate.swift */,
				CEE52FC727992D66009F2086 /* SearchViewPresentingController.swift */,
				CEE52FC527992D54009F2086 /* SearchableContentDelegate.swift */,
				CEE52FC327992D42009F2086 /* NewsFeedViewControllerDelegate.swift */,
			);
			path = Delegates;
			sourceTree = "<group>";
		};
		CEE52FD227992E32009F2086 /* Type */ = {
			isa = PBXGroup;
			children = (
				CEE52FC127992D0D009F2086 /* ProgressEventListenerViewType.swift */,
				CEE52FBF27992CF6009F2086 /* NewsFeedContainerViewType.swift */,
			);
			path = Type;
			sourceTree = "<group>";
		};
		CEE52FD327992F20009F2086 /* Views */ = {
			isa = PBXGroup;
			children = (
				CEE52FD427992F2C009F2086 /* DFPAdView.swift */,
			);
			path = Views;
			sourceTree = "<group>";
		};
		CEE530322799461A009F2086 /* LoadMore */ = {
			isa = PBXGroup;
			children = (
				CEE530332799461A009F2086 /* HorizontalPaginationManager.swift */,
				CEE530342799461A009F2086 /* VerticalPaginationProvider.swift */,
				CEE530352799461A009F2086 /* VerticalPaginationManager.swift */,
				CEE530362799461A009F2086 /* PaginationDelegate.swift */,
				CEE530382799461A009F2086 /* HorizontalPaginationProvider.swift */,
			);
			path = LoadMore;
			sourceTree = "<group>";
		};
		CEE53041279946C1009F2086 /* Resolver */ = {
			isa = PBXGroup;
			children = (
				CEE53043279946D6009F2086 /* ComponentFactory.swift */,
				CEE53042279946D6009F2086 /* FeedJSONResolver.swift */,
			);
			path = Resolver;
			sourceTree = "<group>";
		};
/* End PBXGroup section */

/* Begin PBXNativeTarget section */
		CE53BD122797D8F5001CCE7F /* GoogleAdSample (iOS) */ = {
			isa = PBXNativeTarget;
			buildConfigurationList = CE53BD242797D8F5001CCE7F /* Build configuration list for PBXNativeTarget "GoogleAdSample (iOS)" */;
			buildPhases = (
				7331DDA7E1CA18CE987F38E7 /* [CP] Check Pods Manifest.lock */,
				CE53BD0F2797D8F5001CCE7F /* Sources */,
				CE53BD102797D8F5001CCE7F /* Frameworks */,
				CE53BD112797D8F5001CCE7F /* Resources */,
				4CBC4B4DE058D7E0A662BBE1 /* [CP] Embed Pods Frameworks */,
			);
			buildRules = (
			);
			dependencies = (
			);
			name = "GoogleAdSample (iOS)";
			productName = "GoogleAdSample (iOS)";
			productReference = CE53BD132797D8F5001CCE7F /* GoogleAdSample.app */;
			productType = "com.apple.product-type.application";
		};
/* End PBXNativeTarget section */

/* Begin PBXProject section */
		CE53BD072797D8F4001CCE7F /* Project object */ = {
			isa = PBXProject;
			attributes = {
				BuildIndependentTargetsInParallel = 1;
				LastSwiftUpdateCheck = 1320;
				LastUpgradeCheck = 1320;
				TargetAttributes = {
					CE53BD122797D8F5001CCE7F = {
						CreatedOnToolsVersion = 13.2.1;
						LastSwiftMigration = 1320;
					};
				};
			};
			buildConfigurationList = CE53BD0A2797D8F4001CCE7F /* Build configuration list for PBXProject "GoogleAdSample" */;
			compatibilityVersion = "Xcode 13.0";
			developmentRegion = en;
			hasScannedForEncodings = 0;
			knownRegions = (
				en,
				Base,
			);
			mainGroup = CE53BD062797D8F4001CCE7F;
			productRefGroup = CE53BD142797D8F5001CCE7F /* Products */;
			projectDirPath = "";
			projectRoot = "";
			targets = (
				CE53BD122797D8F5001CCE7F /* GoogleAdSample (iOS) */,
			);
		};
/* End PBXProject section */

/* Begin PBXResourcesBuildPhase section */
		CE53BD112797D8F5001CCE7F /* Resources */ = {
			isa = PBXResourcesBuildPhase;
			buildActionMask = 2147483647;
			files = (
				CE53BD302797DA11001CCE7F /* Main.storyboard in Resources */,
				CE53BD2E2797D9EE001CCE7F /* Launch Screen.storyboard in Resources */,
				CE53BD202797D8F5001CCE7F /* Assets.xcassets in Resources */,
				CEE52FBE27992C13009F2086 /* ErrorStateView.xib in Resources */,
				CEE52FB927992B80009F2086 /* NewsFeedViewController.xib in Resources */,
			);
			runOnlyForDeploymentPostprocessing = 0;
		};
/* End PBXResourcesBuildPhase section */

/* Begin PBXShellScriptBuildPhase section */
		4CBC4B4DE058D7E0A662BBE1 /* [CP] Embed Pods Frameworks */ = {
			isa = PBXShellScriptBuildPhase;
			buildActionMask = 2147483647;
			files = (
			);
			inputFileListPaths = (
				"${PODS_ROOT}/Target Support Files/Pods-GoogleAdSample (iOS)/Pods-GoogleAdSample (iOS)-frameworks-${CONFIGURATION}-input-files.xcfilelist",
			);
			name = "[CP] Embed Pods Frameworks";
			outputFileListPaths = (
				"${PODS_ROOT}/Target Support Files/Pods-GoogleAdSample (iOS)/Pods-GoogleAdSample (iOS)-frameworks-${CONFIGURATION}-output-files.xcfilelist",
			);
			runOnlyForDeploymentPostprocessing = 0;
			shellPath = /bin/sh;
			shellScript = "\"${PODS_ROOT}/Target Support Files/Pods-GoogleAdSample (iOS)/Pods-GoogleAdSample (iOS)-frameworks.sh\"\n";
			showEnvVarsInLog = 0;
		};
		7331DDA7E1CA18CE987F38E7 /* [CP] Check Pods Manifest.lock */ = {
			isa = PBXShellScriptBuildPhase;
			buildActionMask = 2147483647;
			files = (
			);
			inputFileListPaths = (
			);
			inputPaths = (
				"${PODS_PODFILE_DIR_PATH}/Podfile.lock",
				"${PODS_ROOT}/Manifest.lock",
			);
			name = "[CP] Check Pods Manifest.lock";
			outputFileListPaths = (
			);
			outputPaths = (
				"$(DERIVED_FILE_DIR)/Pods-GoogleAdSample (iOS)-checkManifestLockResult.txt",
			);
			runOnlyForDeploymentPostprocessing = 0;
			shellPath = /bin/sh;
			shellScript = "diff \"${PODS_PODFILE_DIR_PATH}/Podfile.lock\" \"${PODS_ROOT}/Manifest.lock\" > /dev/null\nif [ $? != 0 ] ; then\n    # print error to STDERR\n    echo \"error: The sandbox is not in sync with the Podfile.lock. Run 'pod install' or update your CocoaPods installation.\" >&2\n    exit 1\nfi\n# This output is used by Xcode 'outputs' to avoid re-running this script phase.\necho \"SUCCESS\" > \"${SCRIPT_OUTPUT_FILE_0}\"\n";
			showEnvVarsInLog = 0;
		};
/* End PBXShellScriptBuildPhase section */

/* Begin PBXSourcesBuildPhase section */
		CE53BD0F2797D8F5001CCE7F /* Sources */ = {
			isa = PBXSourcesBuildPhase;
			buildActionMask = 2147483647;
			files = (
				CEE52FC427992D42009F2086 /* NewsFeedViewControllerDelegate.swift in Sources */,
				CEE52FCC27992D96009F2086 /* WebContentViewCellDelegate.swift in Sources */,
				CEE52F73279909E7009F2086 /* ErrorStateMapper.swift in Sources */,
				CE9D71D027981B39002BD4BF /* CollectionViewDecoratorViewInitialsType.swift in Sources */,
				CEE52F7127990992009F2086 /* Data+Extension.swift in Sources */,
				CEE52F9D27992211009F2086 /* IntExtensions.swift in Sources */,
				CEE52FA127992259009F2086 /* PartDisplaying.swift in Sources */,
				CEE52F99279921BA009F2086 /* FeedPart.swift in Sources */,
				CEE53047279946F2009F2086 /* DFPAd.swift in Sources */,
				CEE5303C2799461A009F2086 /* PaginationDelegate.swift in Sources */,
				CE9D71D527981B39002BD4BF /* CollectionViewSectionSeparatorLayoutAttributes.swift in Sources */,
				CEE52F6D27990577009F2086 /* CollectionViewFeedContentProvider.swift in Sources */,
				CE9D71D627981B39002BD4BF /* CollectionViewSeparatorLayoutAttributes.swift in Sources */,
				CEE53031279945C8009F2086 /* BaseNewsFeedController.swift in Sources */,
				CEE52F6F27990577009F2086 /* CollectionViewFeedContentProviding.swift in Sources */,
				CEE52FD027992E19009F2086 /* DynamicContentCellDelegate.swift in Sources */,
				CE9D71D827981B39002BD4BF /* UIView+LoadFromXIB.swift in Sources */,
				CEE52F7C27990A61009F2086 /* VaryingSizePart.swift in Sources */,
				CEE52FB227992389009F2086 /* PageType.swift in Sources */,
				CEE52FC627992D54009F2086 /* SearchableContentDelegate.swift in Sources */,
				CE53BD2C2797D986001CCE7F /* AppDelegate.swift in Sources */,
				CE9D71CC27981B39002BD4BF /* CollectionViewDecoratorViewInitials.swift in Sources */,
				CEE52FA427992287009F2086 /* CollectionViewCellReusing.swift in Sources */,
				CE9D716A27981A9C002BD4BF /* UIColor+DN.swift in Sources */,
				CE9D71D127981B39002BD4BF /* LayoutInitialsDefinerType.swift in Sources */,
				CE9D71C327981B39002BD4BF /* ALPushTransitionAnimatorZoomIn.swift in Sources */,
				CEE52F7527990A14009F2086 /* JSONExtension.swift in Sources */,
				CEE5303E2799461A009F2086 /* HorizontalPaginationProvider.swift in Sources */,
				CEE52FB427992389009F2086 /* CollectionViewEditingViewControllerType.swift in Sources */,
				CE9D71C627981B39002BD4BF /* URLSessionDataTask.swift in Sources */,
				CE53BD322797DA96001CCE7F /* HomeVC.swift in Sources */,
				CE9D71D327981B39002BD4BF /* CollectionViewDecoratorStyle.swift in Sources */,
				CEE52FA527992287009F2086 /* CollectionViewPartDisplaying.swift in Sources */,
				CE9D71C427981B39002BD4BF /* ALPopTransitionAnimatorZoomOut.swift in Sources */,
				CEE52F9B279921E6009F2086 /* TableViewCellWidthSizing.swift in Sources */,
				CEE52FBD27992C13009F2086 /* ErrorStateView.swift in Sources */,
				CE9D71CF27981B39002BD4BF /* CollectionViewSectionLayoutInitialsType.swift in Sources */,
				CE9D71CE27981B39002BD4BF /* Builder.swift in Sources */,
				CEE52FA7279922A2009F2086 /* Debouncer.swift in Sources */,
				CEE52F9527992187009F2086 /* GeneralCollectionViewPartRenderer.swift in Sources */,
				CEE52F9727992187009F2086 /* CollectionViewPartRendering.swift in Sources */,
				CEE52FB327992389009F2086 /* CollectionViewContainerType.swift in Sources */,
				CEE52FC027992CF7009F2086 /* NewsFeedContainerViewType.swift in Sources */,
				CE9D716727981A59002BD4BF /* BaseFeedViewController.swift in Sources */,
				CEE5304027994641009F2086 /* PageInfoProvider.swift in Sources */,
				CE9D721027981C46002BD4BF /* Log+Extension.swift in Sources */,
				CEE5303A2799461A009F2086 /* VerticalPaginationProvider.swift in Sources */,
				CE9D71D427981B39002BD4BF /* CollectionViewDecorationViewHandler.swift in Sources */,
				CEE52FAD2799233A009F2086 /* UIView+SafeAnchor.swift in Sources */,
				CEE5304D279947F6009F2086 /* Feed.swift in Sources */,
				CEE52F9427992187009F2086 /* CollectionViewPartRendererFactory.swift in Sources */,
				CE9D71D927981B39002BD4BF /* URLPutJSON.swift in Sources */,
				CE9D71CB27981B39002BD4BF /* CollectionViewCellLayoutInitials.swift in Sources */,
				CEE52F7B27990A61009F2086 /* CollectionViewPart.swift in Sources */,
				CE9D71DA27981B39002BD4BF /* GCDutils.swift in Sources */,
				CEE5304F27994808009F2086 /* PagedFeed.swift in Sources */,
				CE9D71CD27981B39002BD4BF /* CollectionViewCellLayoutInitialsType.swift in Sources */,
				CEE52F9F2799223D009F2086 /* TableViewCellReusing.swift in Sources */,
				CEE52F7F27990ECA009F2086 /* Component.swift in Sources */,
				CEE52FCE27992DB3009F2086 /* AdComponentDelegate.swift in Sources */,
				CEE52F9327992187009F2086 /* PartRendererBase.swift in Sources */,
				CEE52F8127990EF7009F2086 /* UnknownComponent.swift in Sources */,
				CEE52F9127992187009F2086 /* PartRendering.swift in Sources */,
				CEE52FAA279922E2009F2086 /* CollectionViewSectionSeparatorView.swift in Sources */,
				CEE5304B27994778009F2086 /* CGSizeExtension.swift in Sources */,
				CE9D71CA27981B39002BD4BF /* CollectionViewSupplementaryViewInitials.swift in Sources */,
				CEE52F7A27990A61009F2086 /* CollectionViewFeedPart.swift in Sources */,
				CEE530392799461A009F2086 /* HorizontalPaginationManager.swift in Sources */,
				CE9D71C927981B39002BD4BF /* CollectionViewSectionLayoutInitials.swift in Sources */,
				CEE52F6E27990577009F2086 /* CollectionViewFlowLayoutInfoProvider.swift in Sources */,
				CEE52F8627991107009F2086 /* CollectionViewSectionInfoProviding.swift in Sources */,
				CEE52FAB279922E2009F2086 /* CollectionViewItemSeparatorView.swift in Sources */,
				CE9D71C727981B39002BD4BF /* URLPostJSON.swift in Sources */,
				CEE52F9627992187009F2086 /* CollectionViewPartRenderingBase.swift in Sources */,
				CEE52F8527991107009F2086 /* SectionPart.swift in Sources */,
				CEE52F9227992187009F2086 /* GeneralPartRenderer.swift in Sources */,
				CE9D71D227981B39002BD4BF /* CollectionViewSupplementaryViewInitialsType.swift in Sources */,
				CE9D71D727981B39002BD4BF /* UIView+RoundCorners.swift in Sources */,
				CEE5303B2799461A009F2086 /* VerticalPaginationManager.swift in Sources */,
				CE9D71C527981B39002BD4BF /* URLDataReader.swift in Sources */,
				CEE53045279946D6009F2086 /* ComponentFactory.swift in Sources */,
				CEE52FC227992D0D009F2086 /* ProgressEventListenerViewType.swift in Sources */,
				CE9D71C227981B39002BD4BF /* URLSearchDataReader.swift in Sources */,
				CEE53044279946D6009F2086 /* FeedJSONResolver.swift in Sources */,
				CE9D71C827981B39002BD4BF /* CollectionViewCustomLayout.swift in Sources */,
				CEE52FD527992F2C009F2086 /* DFPAdView.swift in Sources */,
				CEE52FBA27992B80009F2086 /* NewsFeedViewController.swift in Sources */,
				CEE52FC827992D66009F2086 /* SearchViewPresentingController.swift in Sources */,
			);
			runOnlyForDeploymentPostprocessing = 0;
		};
/* End PBXSourcesBuildPhase section */

/* Begin XCBuildConfiguration section */
		CE53BD222797D8F5001CCE7F /* Debug */ = {
			isa = XCBuildConfiguration;
			buildSettings = {
				ALWAYS_SEARCH_USER_PATHS = NO;
				CLANG_ANALYZER_NONNULL = YES;
				CLANG_ANALYZER_NUMBER_OBJECT_CONVERSION = YES_AGGRESSIVE;
				CLANG_CXX_LANGUAGE_STANDARD = "gnu++17";
				CLANG_CXX_LIBRARY = "libc++";
				CLANG_ENABLE_MODULES = YES;
				CLANG_ENABLE_OBJC_ARC = YES;
				CLANG_ENABLE_OBJC_WEAK = YES;
				CLANG_WARN_BLOCK_CAPTURE_AUTORELEASING = YES;
				CLANG_WARN_BOOL_CONVERSION = YES;
				CLANG_WARN_COMMA = YES;
				CLANG_WARN_CONSTANT_CONVERSION = YES;
				CLANG_WARN_DEPRECATED_OBJC_IMPLEMENTATIONS = YES;
				CLANG_WARN_DIRECT_OBJC_ISA_USAGE = YES_ERROR;
				CLANG_WARN_DOCUMENTATION_COMMENTS = YES;
				CLANG_WARN_EMPTY_BODY = YES;
				CLANG_WARN_ENUM_CONVERSION = YES;
				CLANG_WARN_INFINITE_RECURSION = YES;
				CLANG_WARN_INT_CONVERSION = YES;
				CLANG_WARN_NON_LITERAL_NULL_CONVERSION = YES;
				CLANG_WARN_OBJC_IMPLICIT_RETAIN_SELF = YES;
				CLANG_WARN_OBJC_LITERAL_CONVERSION = YES;
				CLANG_WARN_OBJC_ROOT_CLASS = YES_ERROR;
				CLANG_WARN_QUOTED_INCLUDE_IN_FRAMEWORK_HEADER = YES;
				CLANG_WARN_RANGE_LOOP_ANALYSIS = YES;
				CLANG_WARN_STRICT_PROTOTYPES = YES;
				CLANG_WARN_SUSPICIOUS_MOVE = YES;
				CLANG_WARN_UNGUARDED_AVAILABILITY = YES_AGGRESSIVE;
				CLANG_WARN_UNREACHABLE_CODE = YES;
				CLANG_WARN__DUPLICATE_METHOD_MATCH = YES;
				COPY_PHASE_STRIP = NO;
				DEBUG_INFORMATION_FORMAT = dwarf;
				ENABLE_STRICT_OBJC_MSGSEND = YES;
				ENABLE_TESTABILITY = YES;
				GCC_C_LANGUAGE_STANDARD = gnu11;
				GCC_DYNAMIC_NO_PIC = NO;
				GCC_NO_COMMON_BLOCKS = YES;
				GCC_OPTIMIZATION_LEVEL = 0;
				GCC_PREPROCESSOR_DEFINITIONS = (
					"DEBUG=1",
					"$(inherited)",
				);
				GCC_WARN_64_TO_32_BIT_CONVERSION = YES;
				GCC_WARN_ABOUT_RETURN_TYPE = YES_ERROR;
				GCC_WARN_UNDECLARED_SELECTOR = YES;
				GCC_WARN_UNINITIALIZED_AUTOS = YES_AGGRESSIVE;
				GCC_WARN_UNUSED_FUNCTION = YES;
				GCC_WARN_UNUSED_VARIABLE = YES;
				MTL_ENABLE_DEBUG_INFO = INCLUDE_SOURCE;
				MTL_FAST_MATH = YES;
				ONLY_ACTIVE_ARCH = YES;
				SWIFT_ACTIVE_COMPILATION_CONDITIONS = DEBUG;
				SWIFT_OPTIMIZATION_LEVEL = "-Onone";
			};
			name = Debug;
		};
		CE53BD232797D8F5001CCE7F /* Release */ = {
			isa = XCBuildConfiguration;
			buildSettings = {
				ALWAYS_SEARCH_USER_PATHS = NO;
				CLANG_ANALYZER_NONNULL = YES;
				CLANG_ANALYZER_NUMBER_OBJECT_CONVERSION = YES_AGGRESSIVE;
				CLANG_CXX_LANGUAGE_STANDARD = "gnu++17";
				CLANG_CXX_LIBRARY = "libc++";
				CLANG_ENABLE_MODULES = YES;
				CLANG_ENABLE_OBJC_ARC = YES;
				CLANG_ENABLE_OBJC_WEAK = YES;
				CLANG_WARN_BLOCK_CAPTURE_AUTORELEASING = YES;
				CLANG_WARN_BOOL_CONVERSION = YES;
				CLANG_WARN_COMMA = YES;
				CLANG_WARN_CONSTANT_CONVERSION = YES;
				CLANG_WARN_DEPRECATED_OBJC_IMPLEMENTATIONS = YES;
				CLANG_WARN_DIRECT_OBJC_ISA_USAGE = YES_ERROR;
				CLANG_WARN_DOCUMENTATION_COMMENTS = YES;
				CLANG_WARN_EMPTY_BODY = YES;
				CLANG_WARN_ENUM_CONVERSION = YES;
				CLANG_WARN_INFINITE_RECURSION = YES;
				CLANG_WARN_INT_CONVERSION = YES;
				CLANG_WARN_NON_LITERAL_NULL_CONVERSION = YES;
				CLANG_WARN_OBJC_IMPLICIT_RETAIN_SELF = YES;
				CLANG_WARN_OBJC_LITERAL_CONVERSION = YES;
				CLANG_WARN_OBJC_ROOT_CLASS = YES_ERROR;
				CLANG_WARN_QUOTED_INCLUDE_IN_FRAMEWORK_HEADER = YES;
				CLANG_WARN_RANGE_LOOP_ANALYSIS = YES;
				CLANG_WARN_STRICT_PROTOTYPES = YES;
				CLANG_WARN_SUSPICIOUS_MOVE = YES;
				CLANG_WARN_UNGUARDED_AVAILABILITY = YES_AGGRESSIVE;
				CLANG_WARN_UNREACHABLE_CODE = YES;
				CLANG_WARN__DUPLICATE_METHOD_MATCH = YES;
				COPY_PHASE_STRIP = NO;
				DEBUG_INFORMATION_FORMAT = "dwarf-with-dsym";
				ENABLE_NS_ASSERTIONS = NO;
				ENABLE_STRICT_OBJC_MSGSEND = YES;
				GCC_C_LANGUAGE_STANDARD = gnu11;
				GCC_NO_COMMON_BLOCKS = YES;
				GCC_WARN_64_TO_32_BIT_CONVERSION = YES;
				GCC_WARN_ABOUT_RETURN_TYPE = YES_ERROR;
				GCC_WARN_UNDECLARED_SELECTOR = YES;
				GCC_WARN_UNINITIALIZED_AUTOS = YES_AGGRESSIVE;
				GCC_WARN_UNUSED_FUNCTION = YES;
				GCC_WARN_UNUSED_VARIABLE = YES;
				MTL_ENABLE_DEBUG_INFO = NO;
				MTL_FAST_MATH = YES;
				SWIFT_COMPILATION_MODE = wholemodule;
				SWIFT_OPTIMIZATION_LEVEL = "-O";
			};
			name = Release;
		};
		CE53BD252797D8F5001CCE7F /* Debug */ = {
			isa = XCBuildConfiguration;
			baseConfigurationReference = 3177B72EC1B80F032287A8CA /* Pods-GoogleAdSample (iOS).debug.xcconfig */;
			buildSettings = {
				ASSETCATALOG_COMPILER_APPICON_NAME = AppIcon;
				ASSETCATALOG_COMPILER_GLOBAL_ACCENT_COLOR_NAME = AccentColor;
				CLANG_ENABLE_MODULES = YES;
				CODE_SIGN_STYLE = Manual;
				CURRENT_PROJECT_VERSION = 1;
				DEVELOPMENT_TEAM = "";
				ENABLE_PREVIEWS = YES;
				GENERATE_INFOPLIST_FILE = NO;
				GOOGLE_AD_IDENTIFIER = "ca-app-pub-3940256099942544~3347511713";
				INFOPLIST_EXPAND_BUILD_SETTINGS = YES;
				INFOPLIST_FILE = ./Shared/Info.plist;
				INFOPLIST_KEY_UIApplicationSceneManifest_Generation = YES;
				INFOPLIST_KEY_UIApplicationSupportsIndirectInputEvents = YES;
				INFOPLIST_KEY_UILaunchScreen_Generation = YES;
				INFOPLIST_KEY_UILaunchStoryboardName = "Launch Screen";
				INFOPLIST_KEY_UIMainStoryboardFile = Main;
				INFOPLIST_KEY_UISupportedInterfaceOrientations_iPad = "UIInterfaceOrientationPortrait UIInterfaceOrientationPortraitUpsideDown UIInterfaceOrientationLandscapeLeft UIInterfaceOrientationLandscapeRight";
				INFOPLIST_KEY_UISupportedInterfaceOrientations_iPhone = "UIInterfaceOrientationPortrait UIInterfaceOrientationLandscapeLeft UIInterfaceOrientationLandscapeRight";
				IPHONEOS_DEPLOYMENT_TARGET = 11.0;
				LD_RUNPATH_SEARCH_PATHS = (
					"$(inherited)",
					"@executable_path/Frameworks",
				);
				MARKETING_VERSION = 1.0;
				PRODUCT_BUNDLE_IDENTIFIER = no.dn.dn2020;
				PRODUCT_NAME = GoogleAdSample;
				PROVISIONING_PROFILE_SPECIFIER = "";
				SDKROOT = iphoneos;
				SWIFT_EMIT_LOC_STRINGS = YES;
				SWIFT_OBJC_BRIDGING_HEADER = "Shared/GoogleAdSample (iOS)-Bridging-Header.h";
				SWIFT_OPTIMIZATION_LEVEL = "-Onone";
				SWIFT_VERSION = 5.0;
				TARGETED_DEVICE_FAMILY = "1,2";
			};
			name = Debug;
		};
		CE53BD262797D8F5001CCE7F /* Release */ = {
			isa = XCBuildConfiguration;
			baseConfigurationReference = 783A01958C997057B9B6AB6A /* Pods-GoogleAdSample (iOS).release.xcconfig */;
			buildSettings = {
				ASSETCATALOG_COMPILER_APPICON_NAME = AppIcon;
				ASSETCATALOG_COMPILER_GLOBAL_ACCENT_COLOR_NAME = AccentColor;
				CLANG_ENABLE_MODULES = YES;
				CODE_SIGN_STYLE = Manual;
				CURRENT_PROJECT_VERSION = 1;
				DEVELOPMENT_TEAM = "";
				ENABLE_PREVIEWS = YES;
				GENERATE_INFOPLIST_FILE = NO;
				GOOGLE_AD_IDENTIFIER = "ca-app-pub-9930711021132174~2542263707";
				INFOPLIST_EXPAND_BUILD_SETTINGS = YES;
				INFOPLIST_FILE = ./Shared/Info.plist;
				INFOPLIST_KEY_UIApplicationSceneManifest_Generation = YES;
				INFOPLIST_KEY_UIApplicationSupportsIndirectInputEvents = YES;
				INFOPLIST_KEY_UILaunchScreen_Generation = YES;
				INFOPLIST_KEY_UILaunchStoryboardName = "Launch Screen";
				INFOPLIST_KEY_UIMainStoryboardFile = Main;
				INFOPLIST_KEY_UISupportedInterfaceOrientations_iPad = "UIInterfaceOrientationPortrait UIInterfaceOrientationPortraitUpsideDown UIInterfaceOrientationLandscapeLeft UIInterfaceOrientationLandscapeRight";
				INFOPLIST_KEY_UISupportedInterfaceOrientations_iPhone = "UIInterfaceOrientationPortrait UIInterfaceOrientationLandscapeLeft UIInterfaceOrientationLandscapeRight";
				IPHONEOS_DEPLOYMENT_TARGET = 11.0;
				LD_RUNPATH_SEARCH_PATHS = (
					"$(inherited)",
					"@executable_path/Frameworks",
				);
				MARKETING_VERSION = 1.0;
				PRODUCT_BUNDLE_IDENTIFIER = no.dn.dn2020;
				PRODUCT_NAME = GoogleAdSample;
				PROVISIONING_PROFILE_SPECIFIER = "";
				SDKROOT = iphoneos;
				SWIFT_EMIT_LOC_STRINGS = YES;
				SWIFT_OBJC_BRIDGING_HEADER = "Shared/GoogleAdSample (iOS)-Bridging-Header.h";
				SWIFT_VERSION = 5.0;
				TARGETED_DEVICE_FAMILY = "1,2";
				VALIDATE_PRODUCT = YES;
			};
			name = Release;
		};
/* End XCBuildConfiguration section */

/* Begin XCConfigurationList section */
		CE53BD0A2797D8F4001CCE7F /* Build configuration list for PBXProject "GoogleAdSample" */ = {
			isa = XCConfigurationList;
			buildConfigurations = (
				CE53BD222797D8F5001CCE7F /* Debug */,
				CE53BD232797D8F5001CCE7F /* Release */,
			);
			defaultConfigurationIsVisible = 0;
			defaultConfigurationName = Release;
		};
		CE53BD242797D8F5001CCE7F /* Build configuration list for PBXNativeTarget "GoogleAdSample (iOS)" */ = {
			isa = XCConfigurationList;
			buildConfigurations = (
				CE53BD252797D8F5001CCE7F /* Debug */,
				CE53BD262797D8F5001CCE7F /* Release */,
			);
			defaultConfigurationIsVisible = 0;
			defaultConfigurationName = Release;
		};
/* End XCConfigurationList section */
	};
	rootObject = CE53BD072797D8F4001CCE7F /* Project object */;
}
